PODS:
  - XHStartActivityForResult (0.1.0)

DEPENDENCIES:
  - XHStartActivityForResult

SPEC REPOS:
  https://github.com/CocoaPods/Specs.git:
    - XHStartActivityForResult

SPEC CHECKSUMS:
  XHStartActivityForResult: a4c3b1866bc2cf9228f1ade50bf778295e7afdee

PODFILE CHECKSUM: 178d8961719d19dd3c034ce372ef3c46bafd9a5b

COCOAPODS: 1.5.0
