PODS:
  - XHStartActivityForResult (1.0.0)

DEPENDENCIES:
  - XHStartActivityForResult (from `../`)

EXTERNAL SOURCES:
  XHStartActivityForResult:
    :path: "../"

SPEC CHECKSUMS:
  XHStartActivityForResult: 35b99f750e7ddfb97f333bfe8f5e8dddf3fab21f

PODFILE CHECKSUM: 85ed140fef2cda7f1a9f6dd111977f03f1f5606d

COCOAPODS: 1.5.3
